
Microsoft Visual Studio Solution File, Format Version 12.00
# Visual Studio Version 17
VisualStudioVersion = 17.7.34031.279
MinimumVisualStudioVersion = 10.0.40219.1
Project("{9A19103F-16F7-4668-BE54-9A1E7A4F7556}") = "Vista", "Vista\Vista.csproj", "{8CD61A7A-DA88-4DCF-A7CC-176FB4EE358B}"
EndProject
Project("{9A19103F-16F7-4668-BE54-9A1E7A4F7556}") = "Modelo", "Modelo\Modelo.csproj", "{0BBF0A84-B664-4FD2-8CF1-8F6FF63F31C6}"
EndProject
Project("{9A19103F-16F7-4668-BE54-9A1E7A4F7556}") = "Entidades", "Entidades\Entidades.csproj", "{24954472-CE1B-4A4C-A976-894E29320558}"
EndProject
Project("{9A19103F-16F7-4668-BE54-9A1E7A4F7556}") = "Controladora", "Controladora\Controladora.csproj", "{FDBF0AAE-9038-4163-9B00-87EF57C62135}"
EndProject
Project("{FAE04EC0-301F-11D3-BF4B-00C04F79EFBC}") = "HashContraseña", "HashContraseña\HashContraseña.csproj", "{1AE25301-5012-43D0-B165-B6C506FBEF37}"
EndProject
Global
	GlobalSection(SolutionConfigurationPlatforms) = preSolution
		Debug|Any CPU = Debug|Any CPU
		Release|Any CPU = Release|Any CPU
	EndGlobalSection
	GlobalSection(ProjectConfigurationPlatforms) = postSolution
		{8CD61A7A-DA88-4DCF-A7CC-176FB4EE358B}.Debug|Any CPU.ActiveCfg = Debug|Any CPU
		{8CD61A7A-DA88-4DCF-A7CC-176FB4EE358B}.Debug|Any CPU.Build.0 = Debug|Any CPU
		{8CD61A7A-DA88-4DCF-A7CC-176FB4EE358B}.Release|Any CPU.ActiveCfg = Release|Any CPU
		{8CD61A7A-DA88-4DCF-A7CC-176FB4EE358B}.Release|Any CPU.Build.0 = Release|Any CPU
		{0BBF0A84-B664-4FD2-8CF1-8F6FF63F31C6}.Debug|Any CPU.ActiveCfg = Debug|Any CPU
		{0BBF0A84-B664-4FD2-8CF1-8F6FF63F31C6}.Debug|Any CPU.Build.0 = Debug|Any CPU
		{0BBF0A84-B664-4FD2-8CF1-8F6FF63F31C6}.Release|Any CPU.ActiveCfg = Release|Any CPU
		{0BBF0A84-B664-4FD2-8CF1-8F6FF63F31C6}.Release|Any CPU.Build.0 = Release|Any CPU
		{24954472-CE1B-4A4C-A976-894E29320558}.Debug|Any CPU.ActiveCfg = Debug|Any CPU
		{24954472-CE1B-4A4C-A976-894E29320558}.Debug|Any CPU.Build.0 = Debug|Any CPU
		{24954472-CE1B-4A4C-A976-894E29320558}.Release|Any CPU.ActiveCfg = Release|Any CPU
		{24954472-CE1B-4A4C-A976-894E29320558}.Release|Any CPU.Build.0 = Release|Any CPU
		{FDBF0AAE-9038-4163-9B00-87EF57C62135}.Debug|Any CPU.ActiveCfg = Debug|Any CPU
		{FDBF0AAE-9038-4163-9B00-87EF57C62135}.Debug|Any CPU.Build.0 = Debug|Any CPU
		{FDBF0AAE-9038-4163-9B00-87EF57C62135}.Release|Any CPU.ActiveCfg = Release|Any CPU
		{FDBF0AAE-9038-4163-9B00-87EF57C62135}.Release|Any CPU.Build.0 = Release|Any CPU
		{1AE25301-5012-43D0-B165-B6C506FBEF37}.Debug|Any CPU.ActiveCfg = Debug|Any CPU
		{1AE25301-5012-43D0-B165-B6C506FBEF37}.Debug|Any CPU.Build.0 = Debug|Any CPU
		{1AE25301-5012-43D0-B165-B6C506FBEF37}.Release|Any CPU.ActiveCfg = Release|Any CPU
		{1AE25301-5012-43D0-B165-B6C506FBEF37}.Release|Any CPU.Build.0 = Release|Any CPU
	EndGlobalSection
	GlobalSection(SolutionProperties) = preSolution
		HideSolutionNode = FALSE
	EndGlobalSection
	GlobalSection(ExtensibilityGlobals) = postSolution
		SolutionGuid = {32A56D1D-0561-4968-87E4-D6C2FBB9958D}
	EndGlobalSection
EndGlobal
